
Microsoft Visual Studio Solution File, Format Version 12.00
# Visual Studio 15
VisualStudioVersion = 15.0.28307.539
MinimumVisualStudioVersion = 10.0.40219.1
Project("{FAE04EC0-301F-11D3-BF4B-00C04F79EFBC}") = "Log4NetInCoreExample", "Log4NetInCoreExample\Log4NetInCoreExample.csproj", "{6615B175-C78D-40FC-8FE4-537CD95D042D}"
EndProject
Project("{2150E333-8FDC-42A3-9474-1A3956D46DE8}") = "Solution Items", "Solution Items", "{0938976D-2F5F-472B-BA92-826F45F820EC}"
	ProjectSection(SolutionItems) = preProject
		..\README.md = ..\README.md
	EndProjectSection
EndProject
Global
	GlobalSection(SolutionConfigurationPlatforms) = preSolution
		Debug|Any CPU = Debug|Any CPU
		Release|Any CPU = Release|Any CPU
	EndGlobalSection
	GlobalSection(ProjectConfigurationPlatforms) = postSolution
		{6615B175-C78D-40FC-8FE4-537CD95D042D}.Debug|Any CPU.ActiveCfg = Debug|Any CPU
		{6615B175-C78D-40FC-8FE4-537CD95D042D}.Debug|Any CPU.Build.0 = Debug|Any CPU
		{6615B175-C78D-40FC-8FE4-537CD95D042D}.Release|Any CPU.ActiveCfg = Release|Any CPU
		{6615B175-C78D-40FC-8FE4-537CD95D042D}.Release|Any CPU.Build.0 = Release|Any CPU
	EndGlobalSection
	GlobalSection(SolutionProperties) = preSolution
		HideSolutionNode = FALSE
	EndGlobalSection
	GlobalSection(ExtensibilityGlobals) = postSolution
		SolutionGuid = {CB431544-E629-4EC9-823A-A77BE499A76B}
	EndGlobalSection
EndGlobal
